// !$*UTF8*$!
{
	archiveVersion = 1;
	classes = {
	};
	objectVersion = 50;
	objects = {

/* Begin PBXBuildFile section */
		5B6A1DCAC7FF1510649455F8 /* libPods-OODownloadManage.a in Frameworks */ = {isa = PBXBuildFile; fileRef = 0FD8A1C814226D41B0811AE6 /* libPods-OODownloadManage.a */; };
		B03F5B0C225DBE6C00B0E461 /* AppDelegate.m in Sources */ = {isa = PBXBuildFile; fileRef = B03F5B0B225DBE6C00B0E461 /* AppDelegate.m */; };
		B03F5B0F225DBE6C00B0E461 /* ViewController.m in Sources */ = {isa = PBXBuildFile; fileRef = B03F5B0E225DBE6C00B0E461 /* ViewController.m */; };
		B03F5B12225DBE6C00B0E461 /* Main.storyboard in Resources */ = {isa = PBXBuildFile; fileRef = B03F5B10225DBE6C00B0E461 /* Main.storyboard */; };
		B03F5B14225DBE6E00B0E461 /* Assets.xcassets in Resources */ = {isa = PBXBuildFile; fileRef = B03F5B13225DBE6E00B0E461 /* Assets.xcassets */; };
		B03F5B17225DBE6E00B0E461 /* LaunchScreen.storyboard in Resources */ = {isa = PBXBuildFile; fileRef = B03F5B15225DBE6E00B0E461 /* LaunchScreen.storyboard */; };
		B03F5B1A225DBE6E00B0E461 /* main.m in Sources */ = {isa = PBXBuildFile; fileRef = B03F5B19225DBE6E00B0E461 /* main.m */; };
		B03F5B23225DC04000B0E461 /* OODownload.m in Sources */ = {isa = PBXBuildFile; fileRef = B03F5B22225DC04000B0E461 /* OODownload.m */; };
		B03F5B27225DD37B00B0E461 /* TaskBean.m in Sources */ = {isa = PBXBuildFile; fileRef = B03F5B26225DD37B00B0E461 /* TaskBean.m */; };
/* End PBXBuildFile section */

/* Begin PBXFileReference section */
		0FD8A1C814226D41B0811AE6 /* libPods-OODownloadManage.a */ = {isa = PBXFileReference; explicitFileType = archive.ar; includeInIndex = 0; path = "libPods-OODownloadManage.a"; sourceTree = BUILT_PRODUCTS_DIR; };
		2597E3AF19771B5AE4FB3CB5 /* Pods-OODownloadManage.release.xcconfig */ = {isa = PBXFileReference; includeInIndex = 1; lastKnownFileType = text.xcconfig; name = "Pods-OODownloadManage.release.xcconfig"; path = "Pods/Target Support Files/Pods-OODownloadManage/Pods-OODownloadManage.release.xcconfig"; sourceTree = "<group>"; };
		B03F5B07225DBE6C00B0E461 /* OODownloadManage.app */ = {isa = PBXFileReference; explicitFileType = wrapper.application; includeInIndex = 0; path = OODownloadManage.app; sourceTree = BUILT_PRODUCTS_DIR; };
		B03F5B0A225DBE6C00B0E461 /* AppDelegate.h */ = {isa = PBXFileReference; lastKnownFileType = sourcecode.c.h; path = AppDelegate.h; sourceTree = "<group>"; };
		B03F5B0B225DBE6C00B0E461 /* AppDelegate.m */ = {isa = PBXFileReference; lastKnownFileType = sourcecode.c.objc; path = AppDelegate.m; sourceTree = "<group>"; };
		B03F5B0D225DBE6C00B0E461 /* ViewController.h */ = {isa = PBXFileReference; lastKnownFileType = sourcecode.c.h; path = ViewController.h; sourceTree = "<group>"; };
		B03F5B0E225DBE6C00B0E461 /* ViewController.m */ = {isa = PBXFileReference; lastKnownFileType = sourcecode.c.objc; path = ViewController.m; sourceTree = "<group>"; };
		B03F5B11225DBE6C00B0E461 /* Base */ = {isa = PBXFileReference; lastKnownFileType = file.storyboard; name = Base; path = Base.lproj/Main.storyboard; sourceTree = "<group>"; };
		B03F5B13225DBE6E00B0E461 /* Assets.xcassets */ = {isa = PBXFileReference; lastKnownFileType = folder.assetcatalog; path = Assets.xcassets; sourceTree = "<group>"; };
		B03F5B16225DBE6E00B0E461 /* Base */ = {isa = PBXFileReference; lastKnownFileType = file.storyboard; name = Base; path = Base.lproj/LaunchScreen.storyboard; sourceTree = "<group>"; };
		B03F5B18225DBE6E00B0E461 /* Info.plist */ = {isa = PBXFileReference; lastKnownFileType = text.plist.xml; path = Info.plist; sourceTree = "<group>"; };
		B03F5B19225DBE6E00B0E461 /* main.m */ = {isa = PBXFileReference; lastKnownFileType = sourcecode.c.objc; path = main.m; sourceTree = "<group>"; };
		B03F5B21225DC04000B0E461 /* OODownload.h */ = {isa = PBXFileReference; lastKnownFileType = sourcecode.c.h; path = OODownload.h; sourceTree = "<group>"; };
		B03F5B22225DC04000B0E461 /* OODownload.m */ = {isa = PBXFileReference; lastKnownFileType = sourcecode.c.objc; path = OODownload.m; sourceTree = "<group>"; };
		B03F5B24225DC1D900B0E461 /* Single.pch */ = {isa = PBXFileReference; lastKnownFileType = sourcecode.c.h; path = Single.pch; sourceTree = "<group>"; };
		B03F5B25225DD37B00B0E461 /* TaskBean.h */ = {isa = PBXFileReference; lastKnownFileType = sourcecode.c.h; path = TaskBean.h; sourceTree = "<group>"; };
		B03F5B26225DD37B00B0E461 /* TaskBean.m */ = {isa = PBXFileReference; lastKnownFileType = sourcecode.c.objc; path = TaskBean.m; sourceTree = "<group>"; };
		E790FAFAF9FCE74912CE0A20 /* Pods-OODownloadManage.debug.xcconfig */ = {isa = PBXFileReference; includeInIndex = 1; lastKnownFileType = text.xcconfig; name = "Pods-OODownloadManage.debug.xcconfig"; path = "Pods/Target Support Files/Pods-OODownloadManage/Pods-OODownloadManage.debug.xcconfig"; sourceTree = "<group>"; };
/* End PBXFileReference section */

/* Begin PBXFrameworksBuildPhase section */
		B03F5B04225DBE6C00B0E461 /* Frameworks */ = {
			isa = PBXFrameworksBuildPhase;
			buildActionMask = 2147483647;
			files = (
				5B6A1DCAC7FF1510649455F8 /* libPods-OODownloadManage.a in Frameworks */,
			);
			runOnlyForDeploymentPostprocessing = 0;
		};
/* End PBXFrameworksBuildPhase section */

/* Begin PBXGroup section */
		4578E6469D32DE0B8961DAE4 /* Frameworks */ = {
			isa = PBXGroup;
			children = (
				0FD8A1C814226D41B0811AE6 /* libPods-OODownloadManage.a */,
			);
			name = Frameworks;
			sourceTree = "<group>";
		};
		B03F5AFE225DBE6C00B0E461 = {
			isa = PBXGroup;
			children = (
				B03F5B09225DBE6C00B0E461 /* OODownloadManage */,
				B03F5B08225DBE6C00B0E461 /* Products */,
				F4BE2A76A30CFBCF0CA2B15F /* Pods */,
				4578E6469D32DE0B8961DAE4 /* Frameworks */,
			);
			sourceTree = "<group>";
		};
		B03F5B08225DBE6C00B0E461 /* Products */ = {
			isa = PBXGroup;
			children = (
				B03F5B07225DBE6C00B0E461 /* OODownloadManage.app */,
			);
			name = Products;
			sourceTree = "<group>";
		};
		B03F5B09225DBE6C00B0E461 /* OODownloadManage */ = {
			isa = PBXGroup;
			children = (
				B03F5B20225DBFD300B0E461 /* DownloadCore */,
				B03F5B0A225DBE6C00B0E461 /* AppDelegate.h */,
				B03F5B0B225DBE6C00B0E461 /* AppDelegate.m */,
				B03F5B0D225DBE6C00B0E461 /* ViewController.h */,
				B03F5B0E225DBE6C00B0E461 /* ViewController.m */,
				B03F5B10225DBE6C00B0E461 /* Main.storyboard */,
				B03F5B13225DBE6E00B0E461 /* Assets.xcassets */,
				B03F5B15225DBE6E00B0E461 /* LaunchScreen.storyboard */,
				B03F5B18225DBE6E00B0E461 /* Info.plist */,
				B03F5B19225DBE6E00B0E461 /* main.m */,
			);
			path = OODownloadManage;
			sourceTree = "<group>";
		};
		B03F5B20225DBFD300B0E461 /* DownloadCore */ = {
			isa = PBXGroup;
			children = (
				B03F5B21225DC04000B0E461 /* OODownload.h */,
				B03F5B22225DC04000B0E461 /* OODownload.m */,
				B03F5B24225DC1D900B0E461 /* Single.pch */,
				B03F5B25225DD37B00B0E461 /* TaskBean.h */,
				B03F5B26225DD37B00B0E461 /* TaskBean.m */,
			);
			path = DownloadCore;
			sourceTree = "<group>";
		};
		F4BE2A76A30CFBCF0CA2B15F /* Pods */ = {
			isa = PBXGroup;
			children = (
				E790FAFAF9FCE74912CE0A20 /* Pods-OODownloadManage.debug.xcconfig */,
				2597E3AF19771B5AE4FB3CB5 /* Pods-OODownloadManage.release.xcconfig */,
			);
			name = Pods;
			sourceTree = "<group>";
		};
/* End PBXGroup section */

/* Begin PBXNativeTarget section */
		B03F5B06225DBE6C00B0E461 /* OODownloadManage */ = {
			isa = PBXNativeTarget;
			buildConfigurationList = B03F5B1D225DBE6E00B0E461 /* Build configuration list for PBXNativeTarget "OODownloadManage" */;
			buildPhases = (
				A6F79643EFD4A869F61035FB /* [CP] Check Pods Manifest.lock */,
				B03F5B03225DBE6C00B0E461 /* Sources */,
				B03F5B04225DBE6C00B0E461 /* Frameworks */,
				B03F5B05225DBE6C00B0E461 /* Resources */,
			);
			buildRules = (
			);
			dependencies = (
			);
			name = OODownloadManage;
			productName = OODownloadManage;
			productReference = B03F5B07225DBE6C00B0E461 /* OODownloadManage.app */;
			productType = "com.apple.product-type.application";
		};
/* End PBXNativeTarget section */

/* Begin PBXProject section */
		B03F5AFF225DBE6C00B0E461 /* Project object */ = {
			isa = PBXProject;
			attributes = {
				LastUpgradeCheck = 1010;
				ORGANIZATIONNAME = Oort;
				TargetAttributes = {
					B03F5B06225DBE6C00B0E461 = {
						CreatedOnToolsVersion = 10.1;
					};
				};
			};
			buildConfigurationList = B03F5B02225DBE6C00B0E461 /* Build configuration list for PBXProject "OODownloadManage" */;
			compatibilityVersion = "Xcode 9.3";
			developmentRegion = en;
			hasScannedForEncodings = 0;
			knownRegions = (
				en,
				Base,
			);
			mainGroup = B03F5AFE225DBE6C00B0E461;
			productRefGroup = B03F5B08225DBE6C00B0E461 /* Products */;
			projectDirPath = "";
			projectRoot = "";
			targets = (
				B03F5B06225DBE6C00B0E461 /* OODownloadManage */,
			);
		};
/* End PBXProject section */

/* Begin PBXResourcesBuildPhase section */
		B03F5B05225DBE6C00B0E461 /* Resources */ = {
			isa = PBXResourcesBuildPhase;
			buildActionMask = 2147483647;
			files = (
				B03F5B17225DBE6E00B0E461 /* LaunchScreen.storyboard in Resources */,
				B03F5B14225DBE6E00B0E461 /* Assets.xcassets in Resources */,
				B03F5B12225DBE6C00B0E461 /* Main.storyboard in Resources */,
			);
			runOnlyForDeploymentPostprocessing = 0;
		};
/* End PBXResourcesBuildPhase section */

/* Begin PBXShellScriptBuildPhase section */
		A6F79643EFD4A869F61035FB /* [CP] Check Pods Manifest.lock */ = {
			isa = PBXShellScriptBuildPhase;
			buildActionMask = 2147483647;
			files = (
			);
			inputFileListPaths = (
			);
			inputPaths = (
				"${PODS_PODFILE_DIR_PATH}/Podfile.lock",
				"${PODS_ROOT}/Manifest.lock",
			);
			name = "[CP] Check Pods Manifest.lock";
			outputFileListPaths = (
			);
			outputPaths = (
				"$(DERIVED_FILE_DIR)/Pods-OODownloadManage-checkManifestLockResult.txt",
			);
			runOnlyForDeploymentPostprocessing = 0;
			shellPath = /bin/sh;
			shellScript = "diff \"${PODS_PODFILE_DIR_PATH}/Podfile.lock\" \"${PODS_ROOT}/Manifest.lock\" > /dev/null\nif [ $? != 0 ] ; then\n    # print error to STDERR\n    echo \"error: The sandbox is not in sync with the Podfile.lock. Run 'pod install' or update your CocoaPods installation.\" >&2\n    exit 1\nfi\n# This output is used by Xcode 'outputs' to avoid re-running this script phase.\necho \"SUCCESS\" > \"${SCRIPT_OUTPUT_FILE_0}\"\n";
			showEnvVarsInLog = 0;
		};
/* End PBXShellScriptBuildPhase section */

/* Begin PBXSourcesBuildPhase section */
		B03F5B03225DBE6C00B0E461 /* Sources */ = {
			isa = PBXSourcesBuildPhase;
			buildActionMask = 2147483647;
			files = (
				B03F5B0F225DBE6C00B0E461 /* ViewController.m in Sources */,
				B03F5B23225DC04000B0E461 /* OODownload.m in Sources */,
				B03F5B27225DD37B00B0E461 /* TaskBean.m in Sources */,
				B03F5B1A225DBE6E00B0E461 /* main.m in Sources */,
				B03F5B0C225DBE6C00B0E461 /* AppDelegate.m in Sources */,
			);
			runOnlyForDeploymentPostprocessing = 0;
		};
/* End PBXSourcesBuildPhase section */

/* Begin PBXVariantGroup section */
		B03F5B10225DBE6C00B0E461 /* Main.storyboard */ = {
			isa = PBXVariantGroup;
			children = (
				B03F5B11225DBE6C00B0E461 /* Base */,
			);
			name = Main.storyboard;
			sourceTree = "<group>";
		};
		B03F5B15225DBE6E00B0E461 /* LaunchScreen.storyboard */ = {
			isa = PBXVariantGroup;
			children = (
				B03F5B16225DBE6E00B0E461 /* Base */,
			);
			name = LaunchScreen.storyboard;
			sourceTree = "<group>";
		};
/* End PBXVariantGroup section */

/* Begin XCBuildConfiguration section */
		B03F5B1B225DBE6E00B0E461 /* Debug */ = {
			isa = XCBuildConfiguration;
			buildSettings = {
				ALWAYS_SEARCH_USER_PATHS = NO;
				CLANG_ANALYZER_NONNULL = YES;
				CLANG_ANALYZER_NUMBER_OBJECT_CONVERSION = YES_AGGRESSIVE;
				CLANG_CXX_LANGUAGE_STANDARD = "gnu++14";
				CLANG_CXX_LIBRARY = "libc++";
				CLANG_ENABLE_MODULES = YES;
				CLANG_ENABLE_OBJC_ARC = YES;
				CLANG_ENABLE_OBJC_WEAK = YES;
				CLANG_WARN_BLOCK_CAPTURE_AUTORELEASING = YES;
				CLANG_WARN_BOOL_CONVERSION = YES;
				CLANG_WARN_COMMA = YES;
				CLANG_WARN_CONSTANT_CONVERSION = YES;
				CLANG_WARN_DEPRECATED_OBJC_IMPLEMENTATIONS = YES;
				CLANG_WARN_DIRECT_OBJC_ISA_USAGE = YES_ERROR;
				CLANG_WARN_DOCUMENTATION_COMMENTS = YES;
				CLANG_WARN_EMPTY_BODY = YES;
				CLANG_WARN_ENUM_CONVERSION = YES;
				CLANG_WARN_INFINITE_RECURSION = YES;
				CLANG_WARN_INT_CONVERSION = YES;
				CLANG_WARN_NON_LITERAL_NULL_CONVERSION = YES;
				CLANG_WARN_OBJC_IMPLICIT_RETAIN_SELF = YES;
				CLANG_WARN_OBJC_LITERAL_CONVERSION = YES;
				CLANG_WARN_OBJC_ROOT_CLASS = YES_ERROR;
				CLANG_WARN_RANGE_LOOP_ANALYSIS = YES;
				CLANG_WARN_STRICT_PROTOTYPES = YES;
				CLANG_WARN_SUSPICIOUS_MOVE = YES;
				CLANG_WARN_UNGUARDED_AVAILABILITY = YES_AGGRESSIVE;
				CLANG_WARN_UNREACHABLE_CODE = YES;
				CLANG_WARN__DUPLICATE_METHOD_MATCH = YES;
				CODE_SIGN_IDENTITY = "iPhone Developer";
				COPY_PHASE_STRIP = NO;
				DEBUG_INFORMATION_FORMAT = dwarf;
				ENABLE_STRICT_OBJC_MSGSEND = YES;
				ENABLE_TESTABILITY = YES;
				GCC_C_LANGUAGE_STANDARD = gnu11;
				GCC_DYNAMIC_NO_PIC = NO;
				GCC_NO_COMMON_BLOCKS = YES;
				GCC_OPTIMIZATION_LEVEL = 0;
				GCC_PREPROCESSOR_DEFINITIONS = (
					"DEBUG=1",
					"$(inherited)",
				);
				GCC_WARN_64_TO_32_BIT_CONVERSION = YES;
				GCC_WARN_ABOUT_RETURN_TYPE = YES_ERROR;
				GCC_WARN_UNDECLARED_SELECTOR = YES;
				GCC_WARN_UNINITIALIZED_AUTOS = YES_AGGRESSIVE;
				GCC_WARN_UNUSED_FUNCTION = YES;
				GCC_WARN_UNUSED_VARIABLE = YES;
				IPHONEOS_DEPLOYMENT_TARGET = 9.0;
				MTL_ENABLE_DEBUG_INFO = INCLUDE_SOURCE;
				MTL_FAST_MATH = YES;
				ONLY_ACTIVE_ARCH = YES;
				SDKROOT = iphoneos;
			};
			name = Debug;
		};
		B03F5B1C225DBE6E00B0E461 /* Release */ = {
			isa = XCBuildConfiguration;
			buildSettings = {
				ALWAYS_SEARCH_USER_PATHS = NO;
				CLANG_ANALYZER_NONNULL = YES;
				CLANG_ANALYZER_NUMBER_OBJECT_CONVERSION = YES_AGGRESSIVE;
				CLANG_CXX_LANGUAGE_STANDARD = "gnu++14";
				CLANG_CXX_LIBRARY = "libc++";
				CLANG_ENABLE_MODULES = YES;
				CLANG_ENABLE_OBJC_ARC = YES;
				CLANG_ENABLE_OBJC_WEAK = YES;
				CLANG_WARN_BLOCK_CAPTURE_AUTORELEASING = YES;
				CLANG_WARN_BOOL_CONVERSION = YES;
				CLANG_WARN_COMMA = YES;
				CLANG_WARN_CONSTANT_CONVERSION = YES;
				CLANG_WARN_DEPRECATED_OBJC_IMPLEMENTATIONS = YES;
				CLANG_WARN_DIRECT_OBJC_ISA_USAGE = YES_ERROR;
				CLANG_WARN_DOCUMENTATION_COMMENTS = YES;
				CLANG_WARN_EMPTY_BODY = YES;
				CLANG_WARN_ENUM_CONVERSION = YES;
				CLANG_WARN_INFINITE_RECURSION = YES;
				CLANG_WARN_INT_CONVERSION = YES;
				CLANG_WARN_NON_LITERAL_NULL_CONVERSION = YES;
				CLANG_WARN_OBJC_IMPLICIT_RETAIN_SELF = YES;
				CLANG_WARN_OBJC_LITERAL_CONVERSION = YES;
				CLANG_WARN_OBJC_ROOT_CLASS = YES_ERROR;
				CLANG_WARN_RANGE_LOOP_ANALYSIS = YES;
				CLANG_WARN_STRICT_PROTOTYPES = YES;
				CLANG_WARN_SUSPICIOUS_MOVE = YES;
				CLANG_WARN_UNGUARDED_AVAILABILITY = YES_AGGRESSIVE;
				CLANG_WARN_UNREACHABLE_CODE = YES;
				CLANG_WARN__DUPLICATE_METHOD_MATCH = YES;
				CODE_SIGN_IDENTITY = "iPhone Developer";
				COPY_PHASE_STRIP = NO;
				DEBUG_INFORMATION_FORMAT = "dwarf-with-dsym";
				ENABLE_NS_ASSERTIONS = NO;
				ENABLE_STRICT_OBJC_MSGSEND = YES;
				GCC_C_LANGUAGE_STANDARD = gnu11;
				GCC_NO_COMMON_BLOCKS = YES;
				GCC_WARN_64_TO_32_BIT_CONVERSION = YES;
				GCC_WARN_ABOUT_RETURN_TYPE = YES_ERROR;
				GCC_WARN_UNDECLARED_SELECTOR = YES;
				GCC_WARN_UNINITIALIZED_AUTOS = YES_AGGRESSIVE;
				GCC_WARN_UNUSED_FUNCTION = YES;
				GCC_WARN_UNUSED_VARIABLE = YES;
				IPHONEOS_DEPLOYMENT_TARGET = 9.0;
				MTL_ENABLE_DEBUG_INFO = NO;
				MTL_FAST_MATH = YES;
				SDKROOT = iphoneos;
				VALIDATE_PRODUCT = YES;
			};
			name = Release;
		};
		B03F5B1E225DBE6E00B0E461 /* Debug */ = {
			isa = XCBuildConfiguration;
			baseConfigurationReference = E790FAFAF9FCE74912CE0A20 /* Pods-OODownloadManage.debug.xcconfig */;
			buildSettings = {
				ASSETCATALOG_COMPILER_APPICON_NAME = AppIcon;
				CODE_SIGN_STYLE = Automatic;
				DEVELOPMENT_TEAM = 7BA34AS5G8;
				GCC_PRECOMPILE_PREFIX_HEADER = YES;
				GCC_PREFIX_HEADER = "$(SRCROOT)/OODownloadManage/DownloadCore/Single.pch";
				INFOPLIST_FILE = OODownloadManage/Info.plist;
				IPHONEOS_DEPLOYMENT_TARGET = 9.0;
				LD_RUNPATH_SEARCH_PATHS = (
					"$(inherited)",
					"@executable_path/Frameworks",
				);
				PRODUCT_BUNDLE_IDENTIFIER = www.yaooort.OODownloadManage;
				PRODUCT_NAME = "$(TARGET_NAME)";
				TARGETED_DEVICE_FAMILY = "1,2";
			};
			name = Debug;
		};
		B03F5B1F225DBE6E00B0E461 /* Release */ = {
			isa = XCBuildConfiguration;
			baseConfigurationReference = 2597E3AF19771B5AE4FB3CB5 /* Pods-OODownloadManage.release.xcconfig */;
			buildSettings = {
				ASSETCATALOG_COMPILER_APPICON_NAME = AppIcon;
				CODE_SIGN_STYLE = Automatic;
				DEVELOPMENT_TEAM = 7BA34AS5G8;
				GCC_PRECOMPILE_PREFIX_HEADER = YES;
				GCC_PREFIX_HEADER = "$(SRCROOT)/OODownloadManage/DownloadCore/Single.pch";
				INFOPLIST_FILE = OODownloadManage/Info.plist;
				IPHONEOS_DEPLOYMENT_TARGET = 9.0;
				LD_RUNPATH_SEARCH_PATHS = (
					"$(inherited)",
					"@executable_path/Frameworks",
				);
				PRODUCT_BUNDLE_IDENTIFIER = www.yaooort.OODownloadManage;
				PRODUCT_NAME = "$(TARGET_NAME)";
				TARGETED_DEVICE_FAMILY = "1,2";
			};
			name = Release;
		};
/* End XCBuildConfiguration section */

/* Begin XCConfigurationList section */
		B03F5B02225DBE6C00B0E461 /* Build configuration list for PBXProject "OODownloadManage" */ = {
			isa = XCConfigurationList;
			buildConfigurations = (
				B03F5B1B225DBE6E00B0E461 /* Debug */,
				B03F5B1C225DBE6E00B0E461 /* Release */,
			);
			defaultConfigurationIsVisible = 0;
			defaultConfigurationName = Release;
		};
		B03F5B1D225DBE6E00B0E461 /* Build configuration list for PBXNativeTarget "OODownloadManage" */ = {
			isa = XCConfigurationList;
			buildConfigurations = (
				B03F5B1E225DBE6E00B0E461 /* Debug */,
				B03F5B1F225DBE6E00B0E461 /* Release */,
			);
			defaultConfigurationIsVisible = 0;
			defaultConfigurationName = Release;
		};
/* End XCConfigurationList section */
	};
	rootObject = B03F5AFF225DBE6C00B0E461 /* Project object */;
}
